
Microsoft Visual Studio Solution File, Format Version 12.00
Project("{FAE04EC0-301F-11D3-BF4B-00C04F79EFBC}") = "StockQuoteAlert", "StockQuoteAlert\StockQuoteAlert.csproj", "{3A745907-1591-4B7E-9122-34A4D5218C2B}"
EndProject
Global
	GlobalSection(SolutionConfigurationPlatforms) = preSolution
		Debug|Any CPU = Debug|Any CPU
		Release|Any CPU = Release|Any CPU
	EndGlobalSection
	GlobalSection(ProjectConfigurationPlatforms) = postSolution
		{3A745907-1591-4B7E-9122-34A4D5218C2B}.Debug|Any CPU.ActiveCfg = Debug|Any CPU
		{3A745907-1591-4B7E-9122-34A4D5218C2B}.Debug|Any CPU.Build.0 = Debug|Any CPU
		{3A745907-1591-4B7E-9122-34A4D5218C2B}.Release|Any CPU.ActiveCfg = Release|Any CPU
		{3A745907-1591-4B7E-9122-34A4D5218C2B}.Release|Any CPU.Build.0 = Release|Any CPU
	EndGlobalSection
EndGlobal
